{
  "nodes": {
    "eyeliner": {
      "flake": false,
      "locked": {
        "lastModified": 1724101944,
        "narHash": "sha256-1be2bvTV9xeDWG8f8fpwTgIINC/Kc3GSp94ld6NAoOM=",
        "owner": "jinh0",
        "repo": "eyeliner.nvim",
        "rev": "85e5a5a815651a434f327d0da3c2a33b9aa4f9ec",
        "type": "github"
      },
      "original": {
        "owner": "jinh0",
        "repo": "eyeliner.nvim",
        "type": "github"
      }
    },
    "flake-utils": {
      "inputs": {
        "systems": "systems"
      },
      "locked": {
        "lastModified": 1726560853,
        "narHash": "sha256-X6rJYSESBVr3hBoH0WbKE5KvhPU5bloyZ2L4K60/fPQ=",
        "owner": "numtide",
        "repo": "flake-utils",
        "rev": "c1dfcf08411b08f6b8615f7d8971a2bfa81d5e8a",
        "type": "github"
      },
      "original": {
        "owner": "numtide",
        "repo": "flake-utils",
        "type": "github"
      }
    },
    "leap-nvim": {
      "flake": false,
      "locked": {
        "lastModified": 1722337962,
        "narHash": "sha256-PFD/UliAHKk2ga+7p/GmoZGqZFWenIVLkzmO+FkhvrY=",
        "owner": "ggandor",
        "repo": "leap.nvim",
        "rev": "c6bfb191f1161fbabace1f36f578a20ac6c7642c",
        "type": "github"
      },
      "original": {
        "owner": "ggandor",
        "repo": "leap.nvim",
        "type": "github"
      }
    },
    "nixpkgs": {
      "locked": {
        "lastModified": 1726463316,
        "narHash": "sha256-gI9kkaH0ZjakJOKrdjaI/VbaMEo9qBbSUl93DnU7f4c=",
        "owner": "NixOS",
        "repo": "nixpkgs",
        "rev": "99dc8785f6a0adac95f5e2ab05cc2e1bf666d172",
        "type": "github"
      },
      "original": {
        "owner": "NixOS",
        "ref": "nixos-unstable",
        "repo": "nixpkgs",
        "type": "github"
      }
    },
    "root": {
      "inputs": {
        "eyeliner": "eyeliner",
        "flake-utils": "flake-utils",
        "leap-nvim": "leap-nvim",
        "nixpkgs": "nixpkgs",
        "which-key": "which-key"
      }
    },
    "systems": {
      "locked": {
        "lastModified": 1681028828,
        "narHash": "sha256-Vy1rq5AaRuLzOxct8nz4T6wlgyUR7zLU309k9mBC768=",
        "owner": "nix-systems",
        "repo": "default",
        "rev": "da67096a3b9bf56a91d16901293e51ba5b49a27e",
        "type": "github"
      },
      "original": {
        "owner": "nix-systems",
        "repo": "default",
        "type": "github"
      }
    },
    "which-key": {
      "flake": false,
      "locked": {
        "lastModified": 1725088492,
        "narHash": "sha256-FY0KM0F2keMCqB5QhwfGS4w2wQOOeCXgZEa3U7Q1Bek=",
        "owner": "folke",
        "repo": "which-key.nvim",
        "rev": "bfec3d6bc0a9b0b2cb11644642f78c2c3915eef0",
        "type": "github"
      },
      "original": {
        "owner": "folke",
        "repo": "which-key.nvim",
        "type": "github"
      }
    }
  },
  "root": "root",
  "version": 7
}
