{
  "nodes": {
    "eyeliner": {
      "flake": false,
      "locked": {
        "lastModified": 1727476631,
        "narHash": "sha256-qOMToZtBd39mdFZEr5WfIkHj+7TWeCPy2GJdIN+qOic=",
        "owner": "jinh0",
        "repo": "eyeliner.nvim",
        "rev": "8f197eb30cecdf4c2cc9988a5eecc6bc34c0c7d6",
        "type": "github"
      },
      "original": {
        "owner": "jinh0",
        "repo": "eyeliner.nvim",
        "type": "github"
      }
    },
    "flake-utils": {
      "inputs": {
        "systems": "systems"
      },
      "locked": {
        "lastModified": 1731533236,
        "narHash": "sha256-l0KFg5HjrsfsO/JpG+r7fRrqm12kzFHyUHqHCVpMMbI=",
        "owner": "numtide",
        "repo": "flake-utils",
        "rev": "11707dc2f618dd54ca8739b309ec4fc024de578b",
        "type": "github"
      },
      "original": {
        "owner": "numtide",
        "repo": "flake-utils",
        "type": "github"
      }
    },
    "leap-nvim": {
      "flake": false,
      "locked": {
        "lastModified": 1722337962,
        "narHash": "sha256-PFD/UliAHKk2ga+7p/GmoZGqZFWenIVLkzmO+FkhvrY=",
        "owner": "ggandor",
        "repo": "leap.nvim",
        "rev": "c6bfb191f1161fbabace1f36f578a20ac6c7642c",
        "type": "github"
      },
      "original": {
        "owner": "ggandor",
        "repo": "leap.nvim",
        "type": "github"
      }
    },
    "nixpkgs": {
      "locked": {
        "lastModified": 1735471104,
        "narHash": "sha256-0q9NGQySwDQc7RhAV2ukfnu7Gxa5/ybJ2ANT8DQrQrs=",
        "owner": "NixOS",
        "repo": "nixpkgs",
        "rev": "88195a94f390381c6afcdaa933c2f6ff93959cb4",
        "type": "github"
      },
      "original": {
        "owner": "NixOS",
        "ref": "nixos-unstable",
        "repo": "nixpkgs",
        "type": "github"
      }
    },
    "root": {
      "inputs": {
        "eyeliner": "eyeliner",
        "flake-utils": "flake-utils",
        "leap-nvim": "leap-nvim",
        "nixpkgs": "nixpkgs",
        "which-key": "which-key"
      }
    },
    "systems": {
      "locked": {
        "lastModified": 1681028828,
        "narHash": "sha256-Vy1rq5AaRuLzOxct8nz4T6wlgyUR7zLU309k9mBC768=",
        "owner": "nix-systems",
        "repo": "default",
        "rev": "da67096a3b9bf56a91d16901293e51ba5b49a27e",
        "type": "github"
      },
      "original": {
        "owner": "nix-systems",
        "repo": "default",
        "type": "github"
      }
    },
    "which-key": {
      "flake": false,
      "locked": {
        "lastModified": 1734253151,
        "narHash": "sha256-f/+sYMDEguB5ZDiYiQAsDvdF/2cVcWnLBU+9qwigk4s=",
        "owner": "folke",
        "repo": "which-key.nvim",
        "rev": "8ab96b38a2530eacba5be717f52e04601eb59326",
        "type": "github"
      },
      "original": {
        "owner": "folke",
        "repo": "which-key.nvim",
        "type": "github"
      }
    }
  },
  "root": "root",
  "version": 7
}
